# THIS IS AN AUTOGENERATED FILE. DO NOT EDIT THIS FILE DIRECTLY.
# yarn lockfile v1


"@dprint/darwin-arm64@0.45.0":
  version "0.45.0"
  resolved "https://registry.yarnpkg.com/@dprint/darwin-arm64/-/darwin-arm64-0.45.0.tgz#83cab93d86a674a972906aa228c3f71761b463ef"
  integrity sha512-pkSSmixIKXr5t32bhXIUbpIBm8F8uhsJcUUvfkFNsRbQvNwRp71ribZpE8dKl0ZFOlAFeWD6WLE8smp/QtiGUA==

"@dprint/darwin-x64@0.45.0":
  version "0.45.0"
  resolved "https://registry.yarnpkg.com/@dprint/darwin-x64/-/darwin-x64-0.45.0.tgz#7ba6cbf228d5782e37f10bd8014c9a02a3514821"
  integrity sha512-PHcXSrRO53KH9N+YPbPtr40NnDo2t7hO7KLMfl2ktRNLjrmKg6F8XDDsr2C7Z11k3jyEEU2Jq8hhpaKHwNapmQ==

"@dprint/linux-arm64-glibc@0.45.0":
  version "0.45.0"
  resolved "https://registry.yarnpkg.com/@dprint/linux-arm64-glibc/-/linux-arm64-glibc-0.45.0.tgz#f9f7a53a0fd2441015a4297c5f08592080d89305"
  integrity sha512-NgIpvZHpiQaY4DxSygxknxBtvKE2KLK9dEbUNKNE098yTHhGq7ouPsoM7RtsO34RHJ3tEZLLJEuBHn20XP8LMg==

"@dprint/linux-arm64-musl@0.45.0":
  version "0.45.0"
  resolved "https://registry.yarnpkg.com/@dprint/linux-arm64-musl/-/linux-arm64-musl-0.45.0.tgz#eecb1bb5fa07e1cf665f3795d03afcc3807cf437"
  integrity sha512-Y8p+FC0RNyKCGQjy99Uh1LSPrlQtUTvo4brdvU1THF3pyWu6Bg1p6NiP5a6SjE/6t9CMKZJz39zPreQtnDkSDA==

"@dprint/linux-x64-glibc@0.45.0":
  version "0.45.0"
  resolved "https://registry.yarnpkg.com/@dprint/linux-x64-glibc/-/linux-x64-glibc-0.45.0.tgz#6b0514aa0e171bf59ea31b971f9075e68df6479c"
  integrity sha512-u03NCZIpJhE5gIl9Q7jNL4sOPBFd/8BLVBiuLoLtbiTZQ+NNudHKgGNATJBU67q1MKpqKnt8/gQm139cJkHhrw==

"@dprint/linux-x64-musl@0.45.0":
  version "0.45.0"
  resolved "https://registry.yarnpkg.com/@dprint/linux-x64-musl/-/linux-x64-musl-0.45.0.tgz#627e89818ae2add74f264ad118ff1383539b96aa"
  integrity sha512-DQN8LPtxismkeU1X+sQywa80kWwCBcpQh9fXoJcvTEHrgzHBqbG2SEsUZpM12oKEua1KE/iBh+vgZ+4I3TdI2A==

"@dprint/win32-x64@0.45.0":
  version "0.45.0"
  resolved "https://registry.yarnpkg.com/@dprint/win32-x64/-/win32-x64-0.45.0.tgz#f8482217aafd66020620a1471140349de28e6bf5"
  integrity sha512-aZHIWG2jIlEp4BER1QG6YYqPd6TxT9S77AeUkWJixNiMEo+33mPRVCBcugRWI/WJWveX8yWFVXkToORtnSFeEA==

"@types/node@^20.11.30":
  version "20.11.30"
  resolved "https://registry.yarnpkg.com/@types/node/-/node-20.11.30.tgz#9c33467fc23167a347e73834f788f4b9f399d66f"
  integrity sha512-dHM6ZxwlmuZaRmUPfv1p+KrdD1Dci04FbdEm/9wEMouFqxYoFl5aMkt0VMAUtYRQDyYvD41WJLukhq/ha3YuTw==
  dependencies:
    undici-types "~5.26.4"

a-sync-waterfall@^1.0.0:
  version "1.0.1"
  resolved "https://registry.yarnpkg.com/a-sync-waterfall/-/a-sync-waterfall-1.0.1.tgz#75b6b6aa72598b497a125e7a2770f14f4c8a1fa7"
  integrity sha512-RYTOHHdWipFUliRFMCS4X2Yn2X8M87V/OpSqWzKKOGhzqyUxzyVmhHDH9sAvG+ZuQf/TAOFsLCpMw09I1ufUnA==

asap@^2.0.3:
  version "2.0.6"
  resolved "https://registry.yarnpkg.com/asap/-/asap-2.0.6.tgz#e50347611d7e690943208bbdafebcbc2fb866d46"
  integrity sha512-BSHWgDSAiKs50o2Re8ppvp3seVHXSRM44cdSsT9FfNEUUZLOGWVCsiWaRPWM1Znn+mqZ1OfVZ3z3DWEzSp7hRA==

commander@^5.1.0:
  version "5.1.0"
  resolved "https://registry.yarnpkg.com/commander/-/commander-5.1.0.tgz#46abbd1652f8e059bddaef99bbdcb2ad9cf179ae"
  integrity sha512-P0CysNDQ7rtVw4QIQtm+MRxV66vKFSvlsQvGYXZWR3qFU0jlMKHZZZgw8e+8DSah4UDKMqnknRDQz+xuQXQ/Zg==

dprint@^0.45.0:
  version "0.45.0"
  resolved "https://registry.yarnpkg.com/dprint/-/dprint-0.45.0.tgz#b9f987d6f2b776f8262b9d849877bc66db2a1203"
  integrity sha512-3444h7V47XoA16qgIWjw3CV/Eo/rQbT/XTGlbJ/6vJ+apQyuo0+M3Ai0GS3wu7X9HBUDcA0zIHA3mOxWNz6toA==
  optionalDependencies:
    "@dprint/darwin-arm64" "0.45.0"
    "@dprint/darwin-x64" "0.45.0"
    "@dprint/linux-arm64-glibc" "0.45.0"
    "@dprint/linux-arm64-musl" "0.45.0"
    "@dprint/linux-x64-glibc" "0.45.0"
    "@dprint/linux-x64-musl" "0.45.0"
    "@dprint/win32-x64" "0.45.0"

nunjucks@^3.2.4:
  version "3.2.4"
  resolved "https://registry.yarnpkg.com/nunjucks/-/nunjucks-3.2.4.tgz#f0878eef528ce7b0aa35d67cc6898635fd74649e"
  integrity sha512-26XRV6BhkgK0VOxfbU5cQI+ICFUtMLixv1noZn1tGU38kQH5A5nmmbk/O45xdyBhD1esk47nKrY0mvQpZIhRjQ==
  dependencies:
    a-sync-waterfall "^1.0.0"
    asap "^2.0.3"
    commander "^5.1.0"

undici-types@~5.26.4:
  version "5.26.5"
  resolved "https://registry.yarnpkg.com/undici-types/-/undici-types-5.26.5.tgz#bcd539893d00b56e964fd2657a4866b221a65617"
  integrity sha512-JlCMO+ehdEIKqlFxk6IfVoAUVmgz7cU7zD/h9XZ0qzeosSHmUJVOzSQvvYSYWXkFXC+IfLKSIffhv0sVZup6pA==

yaml@^2.4.1:
  version "2.4.1"
  resolved "https://registry.yarnpkg.com/yaml/-/yaml-2.4.1.tgz#2e57e0b5e995292c25c75d2658f0664765210eed"
  integrity sha512-pIXzoImaqmfOrL7teGUBt/T7ZDnyeGBWyXQBvOVhLkWLN37GXv8NMLK406UY6dS51JfcQHsmcW5cJ441bHg6Lg==
